{
    "_meta": {
        "hash": {
            "sha256": "8a5fea452d4c4c830f4e5ac164d4b1354f50ac7111efb35e05b7b585ce300815"
        },
        "pipfile-spec": 6,
        "requires": {
            "python_version": "3.9"
        },
        "sources": [
            {
                "name": "pypi",
                "url": "https://pypi.org/simple",
                "verify_ssl": true
            }
        ]
    },
    "default": {
        "asgiref": {
            "hashes": [
                "sha256:71e68008da809b957b7ee4b43dbccff33d1b23519fb8344e33f049897077afac",
                "sha256:9567dfe7bd8d3c8c892227827c41cce860b368104c3431da67a0c5a65a949506"
            ],
            "markers": "python_version >= '3.7'",
            "version": "==3.6.0"
        },
        "dj-database-url": {
            "hashes": [
                "sha256:4aeaeb1f573c74835b0686a2b46b85990571159ffc21aa57ecd4d1e1cb334163",
                "sha256:851785365761ebe4994a921b433062309eb882fedd318e1b0fcecc607ed02da9"
            ],
            "index": "pypi",
            "version": "==0.5.0"
        },
        "django": {
            "hashes": [
                "sha256:3da05fea54fdec2315b54a563d5b59f3b4e2b1e69c3a5841dda35019c01855cd",
                "sha256:c58b5f19c5ae0afe6d75cbdd7df561e6eb929339985dbbda2565e1cabb19a62e"
            ],
            "index": "pypi",
            "version": "==3.2.5"
        },
        "djangorestframework": {
            "hashes": [
                "sha256:6d1d59f623a5ad0509fe0d6bfe93cbdfe17b8116ebc8eda86d45f6e16e819aaf",
                "sha256:f747949a8ddac876e879190df194b925c177cdeb725a099db1460872f7c0a7f2"
            ],
            "markers": "python_version >= '3.5'",
            "version": "==3.12.4"
        },
        "djangorestframework-jsonapi": {
            "hashes": [
                "sha256:0463d4bd74233a9e64813571abb8c55fa38ced1dc0ea7875e98861eeb5a857ad",
                "sha256:dc08a81af9f0d3676cac47d45f5edd4e4b59ac7f9723c5ef99b2e1a8ac453da8"
            ],
            "index": "pypi",
            "version": "==4.2.1"
        },
        "gunicorn": {
            "hashes": [
                "sha256:9dcc4547dbb1cb284accfb15ab5667a0e5d1881cc443e0677b4882a4067a807e",
                "sha256:e0a968b5ba15f8a328fdfd7ab1fcb5af4470c28aaf7e55df02a99bc13138e6e8"
            ],
            "index": "pypi",
            "version": "==20.1.0"
        },
        "inflection": {
            "hashes": [
                "sha256:1a29730d366e996aaacffb2f1f1cb9593dc38e2ddd30c91250c6dde09ea9b417",
                "sha256:f38b2b640938a4f35ade69ac3d053042959b62a0f1076a5bbaa1b9526605a8a2"
            ],
            "markers": "python_version >= '3.5'",
            "version": "==0.5.1"
        },
        "markdown": {
            "hashes": [
                "sha256:31b5b491868dcc87d6c24b7e3d19a0d730d59d3e46f4eea6430a321bed387a49",
                "sha256:96c3ba1261de2f7547b46a00ea8463832c921d3f9d6aba3f255a6f71386db20c"
            ],
            "index": "pypi",
            "version": "==3.3.4"
        },
        "psycopg2": {
            "hashes": [
                "sha256:079d97fc22de90da1d370c90583659a9f9a6ee4007355f5825e5f1c70dffc1fa",
                "sha256:2087013c159a73e09713294a44d0c8008204d06326006b7f652bef5ace66eebb",
                "sha256:25615574419dd9bda6fdfdcd58afb22e721f5b807cb3d5e62f488c8acf8cb754",
                "sha256:2c992196719fadda59f72d44603ee1a2fdcc67de097eea38d41c7ad9ad246e62",
                "sha256:7640e1e4d72444ef012e275e7b53204d7fab341fb22bc76057ede22fe6860b25",
                "sha256:7f91312f065df517187134cce8e395ab37f5b601a42446bdc0f0d51773621854",
                "sha256:830c8e8dddab6b6716a4bf73a09910c7954a92f40cf1d1e702fb93c8a919cc56",
                "sha256:89409d369f4882c47f7ea20c42c5046879ce22c1e4ea20ef3b00a4dfc0a7f188",
                "sha256:bf35a25f1aaa8a3781195595577fcbb59934856ee46b4f252f56ad12b8043bcf",
                "sha256:de5303a6f1d0a7a34b9d40e4d3bef684ccc44a49bbe3eb85e3c0bffb4a131b7c",
                "sha256:e5a8ed9dbfca8dc162c4ada5ab017e10d5a66c542b4c73569f103fa5f342f498"
            ],
            "index": "pypi",
            "markers": "sys_platform != 'darwin'",
            "version": "==2.9.1"
        },
        "pytz": {
            "hashes": [
                "sha256:1d8ce29db189191fb55338ee6d0387d82ab59f3d00eac103412d64e0ebd0c588",
                "sha256:a151b3abb88eda1d4e34a9814df37de2a80e301e68ba0fd856fb9b46bfbbbffb"
            ],
            "version": "==2023.3"
        },
        "setuptools": {
            "hashes": [
                "sha256:6f0839fbdb7e3cfef1fc38d7954f5c1c26bf4eebb155a55c9bf8faf997b9fb67",
                "sha256:bb16732e8eb928922eabaa022f881ae2b7cdcfaf9993ef1f5e841a96d32b8e0c"
            ],
            "markers": "python_version >= '3.7'",
            "version": "==67.7.1"
        },
        "sqlparse": {
            "hashes": [
                "sha256:5430a4fe2ac7d0f93e66f1efc6e1338a41884b7ddf2a350cedd20ccc4d9d28f3",
                "sha256:d446183e84b8349fa3061f0fe7f06ca94ba65b426946ffebe6e3e8295332420c"
            ],
            "index": "pypi",
            "version": "==0.4.4"
        },
        "whitenoise": {
            "hashes": [
                "sha256:d234b871b52271ae7ed6d9da47ffe857c76568f11dd30e28e18c5869dbd11e12",
                "sha256:d963ef25639d1417e8a247be36e6aedd8c7c6f0a08adcb5a89146980a96b577c"
            ],
            "index": "pypi",
            "version": "==5.3.0"
        }
    },
    "develop": {
        "appdirs": {
            "hashes": [
                "sha256:7d5d0167b2b1ba821647616af46a749d1c653740dd0d2415100fe26e27afdf41",
                "sha256:a841dacd6b99318a741b166adb07e19ee71a274450e68237b4650ca1055ab128"
            ],
            "version": "==1.4.4"
        },
        "astroid": {
            "hashes": [
                "sha256:3975a0bd5373bdce166e60c851cfcbaf21ee96de80ec518c1f4cb3e94c3fb334",
                "sha256:ab7f36e8a78b8e54a62028ba6beef7561db4cdb6f2a5009ecc44a6f42b5697ef"
            ],
            "markers": "python_version ~= '3.6'",
            "version": "==2.6.6"
        },
        "black": {
            "hashes": [
                "sha256:1c7aa6ada8ee864db745b22790a32f94b2795c253a75d6d9b5e439ff10d23116",
                "sha256:c8373c6491de9362e39271630b65b964607bc5c79c83783547d76c839b3aa219"
            ],
            "index": "pypi",
            "version": "==21.7b0"
        },
        "click": {
            "hashes": [
                "sha256:7682dc8afb30297001674575ea00d1814d808d6a36af415a82bd481d37ba7b8e",
                "sha256:bb4d8133cb15a609f44e8213d9b391b0809795062913b383c62be0ee95b1db48"
            ],
            "markers": "python_version >= '3.7'",
            "version": "==8.1.3"
        },
        "isort": {
            "hashes": [
                "sha256:8bef7dde241278824a6d83f44a544709b065191b95b6e50894bdc722fcba0504",
                "sha256:f84c2818376e66cf843d497486ea8fed8700b340f308f076c6fb1229dff318b6"
            ],
            "markers": "python_full_version >= '3.8.0'",
            "version": "==5.12.0"
        },
        "lazy-object-proxy": {
            "hashes": [
                "sha256:09763491ce220c0299688940f8dc2c5d05fd1f45af1e42e636b2e8b2303e4382",
                "sha256:0a891e4e41b54fd5b8313b96399f8b0e173bbbfc03c7631f01efbe29bb0bcf82",
                "sha256:189bbd5d41ae7a498397287c408617fe5c48633e7755287b21d741f7db2706a9",
                "sha256:18b78ec83edbbeb69efdc0e9c1cb41a3b1b1ed11ddd8ded602464c3fc6020494",
                "sha256:1aa3de4088c89a1b69f8ec0dcc169aa725b0ff017899ac568fe44ddc1396df46",
                "sha256:212774e4dfa851e74d393a2370871e174d7ff0ebc980907723bb67d25c8a7c30",
                "sha256:2d0daa332786cf3bb49e10dc6a17a52f6a8f9601b4cf5c295a4f85854d61de63",
                "sha256:5f83ac4d83ef0ab017683d715ed356e30dd48a93746309c8f3517e1287523ef4",
                "sha256:659fb5809fa4629b8a1ac5106f669cfc7bef26fbb389dda53b3e010d1ac4ebae",
                "sha256:660c94ea760b3ce47d1855a30984c78327500493d396eac4dfd8bd82041b22be",
                "sha256:66a3de4a3ec06cd8af3f61b8e1ec67614fbb7c995d02fa224813cb7afefee701",
                "sha256:721532711daa7db0d8b779b0bb0318fa87af1c10d7fe5e52ef30f8eff254d0cd",
                "sha256:7322c3d6f1766d4ef1e51a465f47955f1e8123caee67dd641e67d539a534d006",
                "sha256:79a31b086e7e68b24b99b23d57723ef7e2c6d81ed21007b6281ebcd1688acb0a",
                "sha256:81fc4d08b062b535d95c9ea70dbe8a335c45c04029878e62d744bdced5141586",
                "sha256:8fa02eaab317b1e9e03f69aab1f91e120e7899b392c4fc19807a8278a07a97e8",
                "sha256:9090d8e53235aa280fc9239a86ae3ea8ac58eff66a705fa6aa2ec4968b95c821",
                "sha256:946d27deaff6cf8452ed0dba83ba38839a87f4f7a9732e8f9fd4107b21e6ff07",
                "sha256:9990d8e71b9f6488e91ad25f322898c136b008d87bf852ff65391b004da5e17b",
                "sha256:9cd077f3d04a58e83d04b20e334f678c2b0ff9879b9375ed107d5d07ff160171",
                "sha256:9e7551208b2aded9c1447453ee366f1c4070602b3d932ace044715d89666899b",
                "sha256:9f5fa4a61ce2438267163891961cfd5e32ec97a2c444e5b842d574251ade27d2",
                "sha256:b40387277b0ed2d0602b8293b94d7257e17d1479e257b4de114ea11a8cb7f2d7",
                "sha256:bfb38f9ffb53b942f2b5954e0f610f1e721ccebe9cce9025a38c8ccf4a5183a4",
                "sha256:cbf9b082426036e19c6924a9ce90c740a9861e2bdc27a4834fd0a910742ac1e8",
                "sha256:d9e25ef10a39e8afe59a5c348a4dbf29b4868ab76269f81ce1674494e2565a6e",
                "sha256:db1c1722726f47e10e0b5fdbf15ac3b8adb58c091d12b3ab713965795036985f",
                "sha256:e7c21c95cae3c05c14aafffe2865bbd5e377cfc1348c4f7751d9dc9a48ca4bda",
                "sha256:e8c6cfb338b133fbdbc5cfaa10fe3c6aeea827db80c978dbd13bc9dd8526b7d4",
                "sha256:ea806fd4c37bf7e7ad82537b0757999264d5f70c45468447bb2b91afdbe73a6e",
                "sha256:edd20c5a55acb67c7ed471fa2b5fb66cb17f61430b7a6b9c3b4a1e40293b1671",
                "sha256:f0117049dd1d5635bbff65444496c90e0baa48ea405125c088e93d9cf4525b11",
                "sha256:f0705c376533ed2a9e5e97aacdbfe04cecd71e0aa84c7c0595d02ef93b6e4455",
                "sha256:f12ad7126ae0c98d601a7ee504c1122bcef553d1d5e0c3bfa77b16b3968d2734",
                "sha256:f2457189d8257dd41ae9b434ba33298aec198e30adf2dcdaaa3a28b9994f6adb",
                "sha256:f699ac1c768270c9e384e4cbd268d6e67aebcfae6cd623b4d7c3bfde5a35db59"
            ],
            "markers": "python_version >= '3.7'",
            "version": "==1.9.0"
        },
        "mccabe": {
            "hashes": [
                "sha256:ab8a6258860da4b6677da4bd2fe5dc2c659cff31b3ee4f7f5d64e79735b80d42",
                "sha256:dd8d182285a0fe56bace7f45b5e7d1a6ebcbf524e8f3bd87eb0f125271b8831f"
            ],
            "version": "==0.6.1"
        },
        "mypy-extensions": {
            "hashes": [
                "sha256:4392f6c0eb8a5668a69e23d168ffa70f0be9ccfd32b5cc2d26a34ae5b844552d",
                "sha256:75dbf8955dc00442a438fc4d0666508a9a97b6bd41aa2f0ffe9d2f2725af0782"
            ],
            "markers": "python_version >= '3.5'",
            "version": "==1.0.0"
        },
        "pathspec": {
            "hashes": [
                "sha256:2798de800fa92780e33acca925945e9a19a133b715067cf165b8866c15a31687",
                "sha256:d8af70af76652554bd134c22b3e8a1cc46ed7d91edcdd721ef1a0c51a84a5293"
            ],
            "markers": "python_version >= '3.7'",
            "version": "==0.11.1"
        },
        "pylint": {
            "hashes": [
                "sha256:349b149e88e4357ed4f77ac3a4e61c0ab965cda293b6f4e58caf73d4b24ae551",
                "sha256:adc11bec00c2084bf55c81dd69e26f2793fef757547997d44b21aed038f74403"
            ],
            "index": "pypi",
            "version": "==3.0.0a4"
        },
        "pylint-django": {
            "hashes": [
                "sha256:aff49d9602a39c027b4ed7521a041438893205918f405800063b7ff692b7371b",
                "sha256:f63f717169b0c2e4e19c28f1c32c28290647330184fcb7427805ae9b6994f3fc"
            ],
            "index": "pypi",
            "version": "==2.4.4"
        },
        "pylint-plugin-utils": {
            "hashes": [
                "sha256:b3d43e85ab74c4f48bb46ae4ce771e39c3a20f8b3d56982ab17aa73b4f98d535",
                "sha256:ce48bc0516ae9415dd5c752c940dfe601b18fe0f48aa249f2386adfa95a004dd"
            ],
            "markers": "python_full_version >= '3.6.2'",
            "version": "==0.7"
        },
        "regex": {
            "hashes": [
                "sha256:086afe222d58b88b62847bdbd92079b4699350b4acab892f88a935db5707c790",
                "sha256:0b8eb1e3bca6b48dc721818a60ae83b8264d4089a4a41d62be6d05316ec38e15",
                "sha256:11d00c31aeab9a6e0503bc77e73ed9f4527b3984279d997eb145d7c7be6268fd",
                "sha256:11d1f2b7a0696dc0310de0efb51b1f4d813ad4401fe368e83c0c62f344429f98",
                "sha256:1b1fc2632c01f42e06173d8dd9bb2e74ab9b0afa1d698058c867288d2c7a31f3",
                "sha256:20abe0bdf03630fe92ccafc45a599bca8b3501f48d1de4f7d121153350a2f77d",
                "sha256:22720024b90a6ba673a725dcc62e10fb1111b889305d7c6b887ac7466b74bedb",
                "sha256:2472428efc4127374f494e570e36b30bb5e6b37d9a754f7667f7073e43b0abdd",
                "sha256:25f0532fd0c53e96bad84664171969de9673b4131f2297f1db850d3918d58858",
                "sha256:2848bf76673c83314068241c8d5b7fa9ad9bed866c979875a0e84039349e8fa7",
                "sha256:37ae17d3be44c0b3f782c28ae9edd8b47c1f1776d4cabe87edc0b98e1f12b021",
                "sha256:3cd9f5dd7b821f141d3a6ca0d5d9359b9221e4f051ca3139320adea9f1679691",
                "sha256:4479f9e2abc03362df4045b1332d4a2b7885b245a30d4f4b051c4083b97d95d8",
                "sha256:4c49552dc938e3588f63f8a78c86f3c9c75301e813bca0bef13bdb4b87ccf364",
                "sha256:539dd010dc35af935b32f248099e38447bbffc10b59c2b542bceead2bed5c325",
                "sha256:54c3fa855a3f7438149de3211738dd9b5f0c733f48b54ae05aa7fce83d48d858",
                "sha256:55ae114da21b7a790b90255ea52d2aa3a0d121a646deb2d3c6a3194e722fc762",
                "sha256:5ccfafd98473e007cebf7da10c1411035b7844f0f204015efd050601906dbb53",
                "sha256:5fc33b27b1d800fc5b78d7f7d0f287e35079ecabe68e83d46930cf45690e1c8c",
                "sha256:6560776ec19c83f3645bbc5db64a7a5816c9d8fb7ed7201c5bcd269323d88072",
                "sha256:6572ff287176c0fb96568adb292674b421fa762153ed074d94b1d939ed92c253",
                "sha256:6b190a339090e6af25f4a5fd9e77591f6d911cc7b96ecbb2114890b061be0ac1",
                "sha256:7304863f3a652dab5e68e6fb1725d05ebab36ec0390676d1736e0571ebb713ef",
                "sha256:75f288c60232a5339e0ff2fa05779a5e9c74e9fc085c81e931d4a264501e745b",
                "sha256:7868b8f218bf69a2a15402fde08b08712213a1f4b85a156d90473a6fb6b12b09",
                "sha256:787954f541ab95d8195d97b0b8cf1dc304424adb1e07365967e656b92b38a699",
                "sha256:78ac8dd8e18800bb1f97aad0d73f68916592dddf233b99d2b5cabc562088503a",
                "sha256:79e29fd62fa2f597a6754b247356bda14b866131a22444d67f907d6d341e10f3",
                "sha256:845a5e2d84389c4ddada1a9b95c055320070f18bb76512608374aca00d22eca8",
                "sha256:86b036f401895e854de9fefe061518e78d506d8a919cc250dc3416bca03f6f9a",
                "sha256:87d9951f5a538dd1d016bdc0dcae59241d15fa94860964833a54d18197fcd134",
                "sha256:8a9c63cde0eaa345795c0fdeb19dc62d22e378c50b0bc67bf4667cd5b482d98b",
                "sha256:93f3f1aa608380fe294aa4cb82e2afda07a7598e828d0341e124b8fd9327c715",
                "sha256:9bf4a5626f2a0ea006bf81e8963f498a57a47d58907eaa58f4b3e13be68759d8",
                "sha256:9d764514d19b4edcc75fd8cb1423448ef393e8b6cbd94f38cab983ab1b75855d",
                "sha256:a610e0adfcb0fc84ea25f6ea685e39e74cbcd9245a72a9a7aab85ff755a5ed27",
                "sha256:a81c9ec59ca2303acd1ccd7b9ac409f1e478e40e96f8f79b943be476c5fdb8bb",
                "sha256:b7006105b10b59971d3b248ad75acc3651c7e4cf54d81694df5a5130a3c3f7ea",
                "sha256:c07ce8e9eee878a48ebeb32ee661b49504b85e164b05bebf25420705709fdd31",
                "sha256:c125a02d22c555e68f7433bac8449992fa1cead525399f14e47c2d98f2f0e467",
                "sha256:c37df2a060cb476d94c047b18572ee2b37c31f831df126c0da3cd9227b39253d",
                "sha256:c869260aa62cee21c5eb171a466c0572b5e809213612ef8d495268cd2e34f20d",
                "sha256:c88e8c226473b5549fe9616980ea7ca09289246cfbdf469241edf4741a620004",
                "sha256:cd1671e9d5ac05ce6aa86874dd8dfa048824d1dbe73060851b310c6c1a201a96",
                "sha256:cde09c4fdd070772aa2596d97e942eb775a478b32459e042e1be71b739d08b77",
                "sha256:cf86b4328c204c3f315074a61bc1c06f8a75a8e102359f18ce99fbcbbf1951f0",
                "sha256:d5bbe0e1511b844794a3be43d6c145001626ba9a6c1db8f84bdc724e91131d9d",
                "sha256:d895b4c863059a4934d3e874b90998df774644a41b349ebb330f85f11b4ef2c0",
                "sha256:db034255e72d2995cf581b14bb3fc9c00bdbe6822b49fcd4eef79e1d5f232618",
                "sha256:dbb3f87e15d3dd76996d604af8678316ad2d7d20faa394e92d9394dfd621fd0c",
                "sha256:dc80df325b43ffea5cdea2e3eaa97a44f3dd298262b1c7fe9dbb2a9522b956a7",
                "sha256:dd7200b4c27b68cf9c9646da01647141c6db09f48cc5b51bc588deaf8e98a797",
                "sha256:df45fac182ebc3c494460c644e853515cc24f5ad9da05f8ffb91da891bfee879",
                "sha256:e152461e9a0aedec7d37fc66ec0fa635eca984777d3d3c3e36f53bf3d3ceb16e",
                "sha256:e2396e0678167f2d0c197da942b0b3fb48fee2f0b5915a0feb84d11b6686afe6",
                "sha256:e76b6fc0d8e9efa39100369a9b3379ce35e20f6c75365653cf58d282ad290f6f",
                "sha256:ea3c0cb56eadbf4ab2277e7a095676370b3e46dbfc74d5c383bd87b0d6317910",
                "sha256:ef3f528fe1cc3d139508fe1b22523745aa77b9d6cb5b0bf277f48788ee0b993f",
                "sha256:fdf7ad455f1916b8ea5cdbc482d379f6daf93f3867b4232d14699867a5a13af7",
                "sha256:fffe57312a358be6ec6baeb43d253c36e5790e436b7bf5b7a38df360363e88e9"
            ],
            "markers": "python_full_version >= '3.8.0'",
            "version": "==2023.3.23"
        },
        "setuptools": {
            "hashes": [
                "sha256:6f0839fbdb7e3cfef1fc38d7954f5c1c26bf4eebb155a55c9bf8faf997b9fb67",
                "sha256:bb16732e8eb928922eabaa022f881ae2b7cdcfaf9993ef1f5e841a96d32b8e0c"
            ],
            "markers": "python_version >= '3.7'",
            "version": "==67.7.1"
        },
        "toml": {
            "hashes": [
                "sha256:806143ae5bfb6a3c6e736a764057db0e6a0e05e338b5630894a5f779cabb4f9b",
                "sha256:b3bda1d108d5dd99f4a20d24d9c348e91c4db7ab1b749200bded2f839ccbe68f"
            ],
            "markers": "python_version >= '2.6' and python_version not in '3.0, 3.1, 3.2, 3.3'",
            "version": "==0.10.2"
        },
        "tomli": {
            "hashes": [
                "sha256:05b6166bff487dc068d322585c7ea4ef78deed501cc124060e0f238e89a9231f",
                "sha256:e3069e4be3ead9668e21cb9b074cd948f7b3113fd9c8bba083f48247aab8b11c"
            ],
            "markers": "python_version >= '3.6'",
            "version": "==1.2.3"
        },
        "wrapt": {
            "hashes": [
                "sha256:b62ffa81fb85f4332a4f609cab4ac40709470da05643a082ec1eb88e6d9b97d7"
            ],
            "version": "==1.12.1"
        }
    }
}
